# This file is autogenerated, do not edit; changes may be undone by the next 'dep ensure'.


[[projects]]
  digest = "1:48c357b84d6ec229622974461ff5e8fd772d7207a349e2082177cf08541606f0"
  name = "cloud.google.com/go"
  packages = ["."]
  pruneopts = "UT"
  revision = "0ebda48a7f143b1cce9eb37a8c1106ac762a3430"
  version = "v0.34.0"

[[projects]]
  digest = "1:bd285ec20a7450d2272631284de698f2d76e923a458fee90e99cc1db4b97708d"
  name = "github.com/DataDog/datadog-go"
  packages = ["statsd"]
  pruneopts = "UT"
  revision = "e67964b4021ad3a334e748e8811eb3cd6becbc6e"
  version = "2.1.0"

[[projects]]
  digest = "1:c7dc2fc8b907442ec6667a1ffef8431eb2b7c592b90fce9be6a5dafd26fc4d4f"
  name = "github.com/aws/aws-sdk-go"
  packages = [
    "aws",
    "aws/awserr",
    "aws/awsutil",
    "aws/client/metadata",
    "aws/credentials",
    "aws/endpoints",
    "aws/request",
    "aws/signer/v4",
    "internal/ini",
    "internal/sdkio",
    "internal/shareddefaults",
    "private/protocol",
    "private/protocol/rest"
  ]
  pruneopts = "UT"
  revision = "1f8a24693bc965514ee0d7aadbabe0ceed184a88"
  version = "v1.16.16"

[[projects]]
  digest = "1:bb81097a5b62634f3e9fec1014657855610c82d19b9a40c17612e32651e35dca"
  name = "github.com/jmespath/go-jmespath"
  packages = ["."]
  pruneopts = "UT"
  revision = "c2b33e84"

[[projects]]
  digest = "1:edbef42561faa44c19129b68d1e109fbc1647f63239250391eadc8d0e7c9f669"
  name = "github.com/kelseyhightower/envconfig"
  packages = ["."]
  pruneopts = "UT"
  revision = "f611eb38b3875cc3bd991ca91c51d06446afa14c"
  version = "v1.3.0"

[[projects]]
  branch = "master"
  digest = "1:429584ad9de437f42e453ee5e4940d640c7a666e699df30be2a6a093f031d050"
  name = "github.com/sha1sum/aws_signing_client"
  packages = ["."]
  pruneopts = "UT"
  revision = "9088e4c7b34b3174ae879fc975deb18ac62ac8d3"

[solve-meta]
  analyzer-name = "dep"
  analyzer-version = 1
  input-imports = [
    "cloud.google.com/go",
    "github.com/DataDog/datadog-go/statsd",
    "github.com/aws/aws-sdk-go/aws/credentials",
    "github.com/aws/aws-sdk-go/aws/signer/v4",
    "github.com/kelseyhightower/envconfig",
    "github.com/sha1sum/aws_signing_client"
  ]
  solver-name = "gps-cdcl"
  solver-version = 1
